
Microsoft Visual Studio Solution File, Format Version 12.00
# Visual Studio Version 17
VisualStudioVersion = 17.2.32519.379
MinimumVisualStudioVersion = 10.0.40219.1
Project("{9A19103F-16F7-4668-BE54-9A1E7A4F7556}") = "DisneyAppParte2", "DisneyAppParte2\DisneyAppParte2.csproj", "{20A4E956-1ED0-4615-BA29-827DC9ED8575}"
EndProject
Global
	GlobalSection(SolutionConfigurationPlatforms) = preSolution
		Debug|Any CPU = Debug|Any CPU
		Release|Any CPU = Release|Any CPU
	EndGlobalSection
	GlobalSection(ProjectConfigurationPlatforms) = postSolution
		{20A4E956-1ED0-4615-BA29-827DC9ED8575}.Debug|Any CPU.ActiveCfg = Debug|Any CPU
		{20A4E956-1ED0-4615-BA29-827DC9ED8575}.Debug|Any CPU.Build.0 = Debug|Any CPU
		{20A4E956-1ED0-4615-BA29-827DC9ED8575}.Release|Any CPU.ActiveCfg = Release|Any CPU
		{20A4E956-1ED0-4615-BA29-827DC9ED8575}.Release|Any CPU.Build.0 = Release|Any CPU
	EndGlobalSection
	GlobalSection(SolutionProperties) = preSolution
		HideSolutionNode = FALSE
	EndGlobalSection
	GlobalSection(ExtensibilityGlobals) = postSolution
		SolutionGuid = {616A25AF-7FEF-4082-B08D-F1C2D02AAF98}
	EndGlobalSection
EndGlobal
